
Microsoft Visual Studio Solution File, Format Version 12.00
# Visual Studio 15
Project("{FAE04EC0-301F-11D3-BF4B-00C04F79EFBC}") = "Assembly-CSharp", "Assembly-CSharp.csproj", "{46EC497E-4F23-8605-CB8E-360F1F108719}"
EndProject
Project("{FAE04EC0-301F-11D3-BF4B-00C04F79EFBC}") = "Assembly-CSharp-Editor", "Assembly-CSharp-Editor.csproj", "{80AD7760-4EDB-6B59-9559-E032B3BE9F9A}"
EndProject
Global
	GlobalSection(SolutionConfigurationPlatforms) = preSolution
		Debug|Any CPU = Debug|Any CPU
		Release|Any CPU = Release|Any CPU
	EndGlobalSection
	GlobalSection(ProjectConfigurationPlatforms) = postSolution
		{46EC497E-4F23-8605-CB8E-360F1F108719}.Debug|Any CPU.ActiveCfg = Debug|Any CPU
		{46EC497E-4F23-8605-CB8E-360F1F108719}.Debug|Any CPU.Build.0 = Debug|Any CPU
		{46EC497E-4F23-8605-CB8E-360F1F108719}.Release|Any CPU.ActiveCfg = Release|Any CPU
		{46EC497E-4F23-8605-CB8E-360F1F108719}.Release|Any CPU.Build.0 = Release|Any CPU
		{80AD7760-4EDB-6B59-9559-E032B3BE9F9A}.Debug|Any CPU.ActiveCfg = Debug|Any CPU
		{80AD7760-4EDB-6B59-9559-E032B3BE9F9A}.Debug|Any CPU.Build.0 = Debug|Any CPU
		{80AD7760-4EDB-6B59-9559-E032B3BE9F9A}.Release|Any CPU.ActiveCfg = Release|Any CPU
		{80AD7760-4EDB-6B59-9559-E032B3BE9F9A}.Release|Any CPU.Build.0 = Release|Any CPU
	EndGlobalSection
	GlobalSection(SolutionProperties) = preSolution
		HideSolutionNode = FALSE
	EndGlobalSection
EndGlobal
